// !$*UTF8*$!
{
	archiveVersion = 1;
	classes = {
	};
	objectVersion = 56;
	objects = {

/* Begin PBXBuildFile section */
		A021E54729D78D5F003F4CAF /* WelcomeView.swift in Sources */ = {isa = PBXBuildFile; fileRef = A021E54629D78D5F003F4CAF /* WelcomeView.swift */; };
		A022D6F729D7359F0023D57A /* WeatherAppApp.swift in Sources */ = {isa = PBXBuildFile; fileRef = A022D6F629D7359F0023D57A /* WeatherAppApp.swift */; };
		A022D6F929D7359F0023D57A /* ContentView.swift in Sources */ = {isa = PBXBuildFile; fileRef = A022D6F829D7359F0023D57A /* ContentView.swift */; };
		A022D6FB29D735A20023D57A /* Assets.xcassets in Resources */ = {isa = PBXBuildFile; fileRef = A022D6FA29D735A20023D57A /* Assets.xcassets */; };
		A022D6FE29D735A20023D57A /* Preview Assets.xcassets in Resources */ = {isa = PBXBuildFile; fileRef = A022D6FD29D735A20023D57A /* Preview Assets.xcassets */; };
		A022D70629D738C20023D57A /* LocationManager.swift in Sources */ = {isa = PBXBuildFile; fileRef = A022D70529D738C20023D57A /* LocationManager.swift */; };
		A082FCAA29E0DB360013BD09 /* WeatherManager.swift in Sources */ = {isa = PBXBuildFile; fileRef = A082FCA929E0DB360013BD09 /* WeatherManager.swift */; };
		A082FCAC29E0E83C0013BD09 /* ModelDataLocal.swift in Sources */ = {isa = PBXBuildFile; fileRef = A082FCAB29E0E83C0013BD09 /* ModelDataLocal.swift */; };
		A082FCAE29E0E9730013BD09 /* weatherData.json in Resources */ = {isa = PBXBuildFile; fileRef = A082FCAD29E0E9730013BD09 /* weatherData.json */; };
		A082FCB029E0EB810013BD09 /* WeatherView.swift in Sources */ = {isa = PBXBuildFile; fileRef = A082FCAF29E0EB810013BD09 /* WeatherView.swift */; };
		A082FCB329E1C8F30013BD09 /* WeatherRow.swift in Sources */ = {isa = PBXBuildFile; fileRef = A082FCB229E1C8F30013BD09 /* WeatherRow.swift */; };
/* End PBXBuildFile section */

/* Begin PBXFileReference section */
		A021E54629D78D5F003F4CAF /* WelcomeView.swift */ = {isa = PBXFileReference; lastKnownFileType = sourcecode.swift; path = WelcomeView.swift; sourceTree = "<group>"; };
		A022D6F329D7359F0023D57A /* WeatherApp.app */ = {isa = PBXFileReference; explicitFileType = wrapper.application; includeInIndex = 0; path = WeatherApp.app; sourceTree = BUILT_PRODUCTS_DIR; };
		A022D6F629D7359F0023D57A /* WeatherAppApp.swift */ = {isa = PBXFileReference; lastKnownFileType = sourcecode.swift; path = WeatherAppApp.swift; sourceTree = "<group>"; };
		A022D6F829D7359F0023D57A /* ContentView.swift */ = {isa = PBXFileReference; lastKnownFileType = sourcecode.swift; path = ContentView.swift; sourceTree = "<group>"; };
		A022D6FA29D735A20023D57A /* Assets.xcassets */ = {isa = PBXFileReference; lastKnownFileType = folder.assetcatalog; path = Assets.xcassets; sourceTree = "<group>"; };
		A022D6FD29D735A20023D57A /* Preview Assets.xcassets */ = {isa = PBXFileReference; lastKnownFileType = folder.assetcatalog; path = "Preview Assets.xcassets"; sourceTree = "<group>"; };
		A022D70529D738C20023D57A /* LocationManager.swift */ = {isa = PBXFileReference; lastKnownFileType = sourcecode.swift; path = LocationManager.swift; sourceTree = "<group>"; };
		A082FCA929E0DB360013BD09 /* WeatherManager.swift */ = {isa = PBXFileReference; lastKnownFileType = sourcecode.swift; path = WeatherManager.swift; sourceTree = "<group>"; };
		A082FCAB29E0E83C0013BD09 /* ModelDataLocal.swift */ = {isa = PBXFileReference; lastKnownFileType = sourcecode.swift; path = ModelDataLocal.swift; sourceTree = "<group>"; };
		A082FCAD29E0E9730013BD09 /* weatherData.json */ = {isa = PBXFileReference; lastKnownFileType = text.json; path = weatherData.json; sourceTree = "<group>"; };
		A082FCAF29E0EB810013BD09 /* WeatherView.swift */ = {isa = PBXFileReference; lastKnownFileType = sourcecode.swift; path = WeatherView.swift; sourceTree = "<group>"; };
		A082FCB229E1C8F30013BD09 /* WeatherRow.swift */ = {isa = PBXFileReference; lastKnownFileType = sourcecode.swift; path = WeatherRow.swift; sourceTree = "<group>"; };
/* End PBXFileReference section */

/* Begin PBXFrameworksBuildPhase section */
		A022D6F029D7359F0023D57A /* Frameworks */ = {
			isa = PBXFrameworksBuildPhase;
			buildActionMask = 2147483647;
			files = (
			);
			runOnlyForDeploymentPostprocessing = 0;
		};
/* End PBXFrameworksBuildPhase section */

/* Begin PBXGroup section */
		A021E54529D78D4A003F4CAF /* Views */ = {
			isa = PBXGroup;
			children = (
				A022D6F829D7359F0023D57A /* ContentView.swift */,
				A021E54629D78D5F003F4CAF /* WelcomeView.swift */,
				A082FCAF29E0EB810013BD09 /* WeatherView.swift */,
			);
			path = Views;
			sourceTree = "<group>";
		};
		A022D6EA29D7359F0023D57A = {
			isa = PBXGroup;
			children = (
				A022D6F529D7359F0023D57A /* WeatherApp */,
				A022D6F429D7359F0023D57A /* Products */,
			);
			sourceTree = "<group>";
		};
		A022D6F429D7359F0023D57A /* Products */ = {
			isa = PBXGroup;
			children = (
				A022D6F329D7359F0023D57A /* WeatherApp.app */,
			);
			name = Products;
			sourceTree = "<group>";
		};
		A022D6F529D7359F0023D57A /* WeatherApp */ = {
			isa = PBXGroup;
			children = (
				A022D6F629D7359F0023D57A /* WeatherAppApp.swift */,
				A021E54529D78D4A003F4CAF /* Views */,
				A082FCB129E1C8E30013BD09 /* Components */,
				A022D70429D738A10023D57A /* Managers */,
				A022D6FA29D735A20023D57A /* Assets.xcassets */,
				A022D6FC29D735A20023D57A /* Preview Content */,
				A082FCAB29E0E83C0013BD09 /* ModelDataLocal.swift */,
				A082FCAD29E0E9730013BD09 /* weatherData.json */,
			);
			path = WeatherApp;
			sourceTree = "<group>";
		};
		A022D6FC29D735A20023D57A /* Preview Content */ = {
			isa = PBXGroup;
			children = (
				A022D6FD29D735A20023D57A /* Preview Assets.xcassets */,
			);
			path = "Preview Content";
			sourceTree = "<group>";
		};
		A022D70429D738A10023D57A /* Managers */ = {
			isa = PBXGroup;
			children = (
				A022D70529D738C20023D57A /* LocationManager.swift */,
				A082FCA929E0DB360013BD09 /* WeatherManager.swift */,
			);
			path = Managers;
			sourceTree = "<group>";
		};
		A082FCB129E1C8E30013BD09 /* Components */ = {
			isa = PBXGroup;
			children = (
				A082FCB229E1C8F30013BD09 /* WeatherRow.swift */,
			);
			path = Components;
			sourceTree = "<group>";
		};
/* End PBXGroup section */

/* Begin PBXNativeTarget section */
		A022D6F229D7359F0023D57A /* WeatherApp */ = {
			isa = PBXNativeTarget;
			buildConfigurationList = A022D70129D735A20023D57A /* Build configuration list for PBXNativeTarget "WeatherApp" */;
			buildPhases = (
				A022D6EF29D7359F0023D57A /* Sources */,
				A022D6F029D7359F0023D57A /* Frameworks */,
				A022D6F129D7359F0023D57A /* Resources */,
			);
			buildRules = (
			);
			dependencies = (
			);
			name = WeatherApp;
			productName = WeatherApp;
			productReference = A022D6F329D7359F0023D57A /* WeatherApp.app */;
			productType = "com.apple.product-type.application";
		};
/* End PBXNativeTarget section */

/* Begin PBXProject section */
		A022D6EB29D7359F0023D57A /* Project object */ = {
			isa = PBXProject;
			attributes = {
				BuildIndependentTargetsInParallel = 1;
				LastSwiftUpdateCheck = 1410;
				LastUpgradeCheck = 1410;
				TargetAttributes = {
					A022D6F229D7359F0023D57A = {
						CreatedOnToolsVersion = 14.1;
					};
				};
			};
			buildConfigurationList = A022D6EE29D7359F0023D57A /* Build configuration list for PBXProject "WeatherApp" */;
			compatibilityVersion = "Xcode 14.0";
			developmentRegion = en;
			hasScannedForEncodings = 0;
			knownRegions = (
				en,
				Base,
			);
			mainGroup = A022D6EA29D7359F0023D57A;
			productRefGroup = A022D6F429D7359F0023D57A /* Products */;
			projectDirPath = "";
			projectRoot = "";
			targets = (
				A022D6F229D7359F0023D57A /* WeatherApp */,
			);
		};
/* End PBXProject section */

/* Begin PBXResourcesBuildPhase section */
		A022D6F129D7359F0023D57A /* Resources */ = {
			isa = PBXResourcesBuildPhase;
			buildActionMask = 2147483647;
			files = (
				A022D6FE29D735A20023D57A /* Preview Assets.xcassets in Resources */,
				A082FCAE29E0E9730013BD09 /* weatherData.json in Resources */,
				A022D6FB29D735A20023D57A /* Assets.xcassets in Resources */,
			);
			runOnlyForDeploymentPostprocessing = 0;
		};
/* End PBXResourcesBuildPhase section */

/* Begin PBXSourcesBuildPhase section */
		A022D6EF29D7359F0023D57A /* Sources */ = {
			isa = PBXSourcesBuildPhase;
			buildActionMask = 2147483647;
			files = (
				A022D6F929D7359F0023D57A /* ContentView.swift in Sources */,
				A022D6F729D7359F0023D57A /* WeatherAppApp.swift in Sources */,
				A082FCAA29E0DB360013BD09 /* WeatherManager.swift in Sources */,
				A082FCB329E1C8F30013BD09 /* WeatherRow.swift in Sources */,
				A022D70629D738C20023D57A /* LocationManager.swift in Sources */,
				A021E54729D78D5F003F4CAF /* WelcomeView.swift in Sources */,
				A082FCB029E0EB810013BD09 /* WeatherView.swift in Sources */,
				A082FCAC29E0E83C0013BD09 /* ModelDataLocal.swift in Sources */,
			);
			runOnlyForDeploymentPostprocessing = 0;
		};
/* End PBXSourcesBuildPhase section */

/* Begin XCBuildConfiguration section */
		A022D6FF29D735A20023D57A /* Debug */ = {
			isa = XCBuildConfiguration;
			buildSettings = {
				ALWAYS_SEARCH_USER_PATHS = NO;
				CLANG_ANALYZER_NONNULL = YES;
				CLANG_ANALYZER_NUMBER_OBJECT_CONVERSION = YES_AGGRESSIVE;
				CLANG_CXX_LANGUAGE_STANDARD = "gnu++20";
				CLANG_ENABLE_MODULES = YES;
				CLANG_ENABLE_OBJC_ARC = YES;
				CLANG_ENABLE_OBJC_WEAK = YES;
				CLANG_WARN_BLOCK_CAPTURE_AUTORELEASING = YES;
				CLANG_WARN_BOOL_CONVERSION = YES;
				CLANG_WARN_COMMA = YES;
				CLANG_WARN_CONSTANT_CONVERSION = YES;
				CLANG_WARN_DEPRECATED_OBJC_IMPLEMENTATIONS = YES;
				CLANG_WARN_DIRECT_OBJC_ISA_USAGE = YES_ERROR;
				CLANG_WARN_DOCUMENTATION_COMMENTS = YES;
				CLANG_WARN_EMPTY_BODY = YES;
				CLANG_WARN_ENUM_CONVERSION = YES;
				CLANG_WARN_INFINITE_RECURSION = YES;
				CLANG_WARN_INT_CONVERSION = YES;
				CLANG_WARN_NON_LITERAL_NULL_CONVERSION = YES;
				CLANG_WARN_OBJC_IMPLICIT_RETAIN_SELF = YES;
				CLANG_WARN_OBJC_LITERAL_CONVERSION = YES;
				CLANG_WARN_OBJC_ROOT_CLASS = YES_ERROR;
				CLANG_WARN_QUOTED_INCLUDE_IN_FRAMEWORK_HEADER = YES;
				CLANG_WARN_RANGE_LOOP_ANALYSIS = YES;
				CLANG_WARN_STRICT_PROTOTYPES = YES;
				CLANG_WARN_SUSPICIOUS_MOVE = YES;
				CLANG_WARN_UNGUARDED_AVAILABILITY = YES_AGGRESSIVE;
				CLANG_WARN_UNREACHABLE_CODE = YES;
				CLANG_WARN__DUPLICATE_METHOD_MATCH = YES;
				COPY_PHASE_STRIP = NO;
				DEBUG_INFORMATION_FORMAT = dwarf;
				ENABLE_STRICT_OBJC_MSGSEND = YES;
				ENABLE_TESTABILITY = YES;
				GCC_C_LANGUAGE_STANDARD = gnu11;
				GCC_DYNAMIC_NO_PIC = NO;
				GCC_NO_COMMON_BLOCKS = YES;
				GCC_OPTIMIZATION_LEVEL = 0;
				GCC_PREPROCESSOR_DEFINITIONS = (
					"DEBUG=1",
					"$(inherited)",
				);
				GCC_WARN_64_TO_32_BIT_CONVERSION = YES;
				GCC_WARN_ABOUT_RETURN_TYPE = YES_ERROR;
				GCC_WARN_UNDECLARED_SELECTOR = YES;
				GCC_WARN_UNINITIALIZED_AUTOS = YES_AGGRESSIVE;
				GCC_WARN_UNUSED_FUNCTION = YES;
				GCC_WARN_UNUSED_VARIABLE = YES;
				IPHONEOS_DEPLOYMENT_TARGET = 16.1;
				MTL_ENABLE_DEBUG_INFO = INCLUDE_SOURCE;
				MTL_FAST_MATH = YES;
				ONLY_ACTIVE_ARCH = YES;
				SDKROOT = iphoneos;
				SWIFT_ACTIVE_COMPILATION_CONDITIONS = DEBUG;
				SWIFT_OPTIMIZATION_LEVEL = "-Onone";
			};
			name = Debug;
		};
		A022D70029D735A20023D57A /* Release */ = {
			isa = XCBuildConfiguration;
			buildSettings = {
				ALWAYS_SEARCH_USER_PATHS = NO;
				CLANG_ANALYZER_NONNULL = YES;
				CLANG_ANALYZER_NUMBER_OBJECT_CONVERSION = YES_AGGRESSIVE;
				CLANG_CXX_LANGUAGE_STANDARD = "gnu++20";
				CLANG_ENABLE_MODULES = YES;
				CLANG_ENABLE_OBJC_ARC = YES;
				CLANG_ENABLE_OBJC_WEAK = YES;
				CLANG_WARN_BLOCK_CAPTURE_AUTORELEASING = YES;
				CLANG_WARN_BOOL_CONVERSION = YES;
				CLANG_WARN_COMMA = YES;
				CLANG_WARN_CONSTANT_CONVERSION = YES;
				CLANG_WARN_DEPRECATED_OBJC_IMPLEMENTATIONS = YES;
				CLANG_WARN_DIRECT_OBJC_ISA_USAGE = YES_ERROR;
				CLANG_WARN_DOCUMENTATION_COMMENTS = YES;
				CLANG_WARN_EMPTY_BODY = YES;
				CLANG_WARN_ENUM_CONVERSION = YES;
				CLANG_WARN_INFINITE_RECURSION = YES;
				CLANG_WARN_INT_CONVERSION = YES;
				CLANG_WARN_NON_LITERAL_NULL_CONVERSION = YES;
				CLANG_WARN_OBJC_IMPLICIT_RETAIN_SELF = YES;
				CLANG_WARN_OBJC_LITERAL_CONVERSION = YES;
				CLANG_WARN_OBJC_ROOT_CLASS = YES_ERROR;
				CLANG_WARN_QUOTED_INCLUDE_IN_FRAMEWORK_HEADER = YES;
				CLANG_WARN_RANGE_LOOP_ANALYSIS = YES;
				CLANG_WARN_STRICT_PROTOTYPES = YES;
				CLANG_WARN_SUSPICIOUS_MOVE = YES;
				CLANG_WARN_UNGUARDED_AVAILABILITY = YES_AGGRESSIVE;
				CLANG_WARN_UNREACHABLE_CODE = YES;
				CLANG_WARN__DUPLICATE_METHOD_MATCH = YES;
				COPY_PHASE_STRIP = NO;
				DEBUG_INFORMATION_FORMAT = "dwarf-with-dsym";
				ENABLE_NS_ASSERTIONS = NO;
				ENABLE_STRICT_OBJC_MSGSEND = YES;
				GCC_C_LANGUAGE_STANDARD = gnu11;
				GCC_NO_COMMON_BLOCKS = YES;
				GCC_WARN_64_TO_32_BIT_CONVERSION = YES;
				GCC_WARN_ABOUT_RETURN_TYPE = YES_ERROR;
				GCC_WARN_UNDECLARED_SELECTOR = YES;
				GCC_WARN_UNINITIALIZED_AUTOS = YES_AGGRESSIVE;
				GCC_WARN_UNUSED_FUNCTION = YES;
				GCC_WARN_UNUSED_VARIABLE = YES;
				IPHONEOS_DEPLOYMENT_TARGET = 16.1;
				MTL_ENABLE_DEBUG_INFO = NO;
				MTL_FAST_MATH = YES;
				SDKROOT = iphoneos;
				SWIFT_COMPILATION_MODE = wholemodule;
				SWIFT_OPTIMIZATION_LEVEL = "-O";
				VALIDATE_PRODUCT = YES;
			};
			name = Release;
		};
		A022D70229D735A20023D57A /* Debug */ = {
			isa = XCBuildConfiguration;
			buildSettings = {
				ASSETCATALOG_COMPILER_APPICON_NAME = AppIcon;
				ASSETCATALOG_COMPILER_GLOBAL_ACCENT_COLOR_NAME = AccentColor;
				CODE_SIGN_STYLE = Automatic;
				CURRENT_PROJECT_VERSION = 1;
				DEVELOPMENT_ASSET_PATHS = "\"WeatherApp/Preview Content\"";
				DEVELOPMENT_TEAM = 6V2ZR3A87S;
				ENABLE_PREVIEWS = YES;
				GENERATE_INFOPLIST_FILE = YES;
				INFOPLIST_KEY_UIApplicationSceneManifest_Generation = YES;
				INFOPLIST_KEY_UIApplicationSupportsIndirectInputEvents = YES;
				INFOPLIST_KEY_UILaunchScreen_Generation = YES;
				INFOPLIST_KEY_UISupportedInterfaceOrientations_iPad = "UIInterfaceOrientationPortrait UIInterfaceOrientationPortraitUpsideDown UIInterfaceOrientationLandscapeLeft UIInterfaceOrientationLandscapeRight";
				INFOPLIST_KEY_UISupportedInterfaceOrientations_iPhone = "UIInterfaceOrientationPortrait UIInterfaceOrientationLandscapeLeft UIInterfaceOrientationLandscapeRight";
				IPHONEOS_DEPLOYMENT_TARGET = 15.0;
				LD_RUNPATH_SEARCH_PATHS = (
					"$(inherited)",
					"@executable_path/Frameworks",
				);
				MARKETING_VERSION = 1.0;
				PRODUCT_BUNDLE_IDENTIFIER = com.FranBazan11.WeatherApp;
				PRODUCT_NAME = "$(TARGET_NAME)";
				SWIFT_EMIT_LOC_STRINGS = YES;
				SWIFT_VERSION = 5.0;
				TARGETED_DEVICE_FAMILY = "1,2";
			};
			name = Debug;
		};
		A022D70329D735A20023D57A /* Release */ = {
			isa = XCBuildConfiguration;
			buildSettings = {
				ASSETCATALOG_COMPILER_APPICON_NAME = AppIcon;
				ASSETCATALOG_COMPILER_GLOBAL_ACCENT_COLOR_NAME = AccentColor;
				CODE_SIGN_STYLE = Automatic;
				CURRENT_PROJECT_VERSION = 1;
				DEVELOPMENT_ASSET_PATHS = "\"WeatherApp/Preview Content\"";
				DEVELOPMENT_TEAM = 6V2ZR3A87S;
				ENABLE_PREVIEWS = YES;
				GENERATE_INFOPLIST_FILE = YES;
				INFOPLIST_KEY_UIApplicationSceneManifest_Generation = YES;
				INFOPLIST_KEY_UIApplicationSupportsIndirectInputEvents = YES;
				INFOPLIST_KEY_UILaunchScreen_Generation = YES;
				INFOPLIST_KEY_UISupportedInterfaceOrientations_iPad = "UIInterfaceOrientationPortrait UIInterfaceOrientationPortraitUpsideDown UIInterfaceOrientationLandscapeLeft UIInterfaceOrientationLandscapeRight";
				INFOPLIST_KEY_UISupportedInterfaceOrientations_iPhone = "UIInterfaceOrientationPortrait UIInterfaceOrientationLandscapeLeft UIInterfaceOrientationLandscapeRight";
				IPHONEOS_DEPLOYMENT_TARGET = 15.0;
				LD_RUNPATH_SEARCH_PATHS = (
					"$(inherited)",
					"@executable_path/Frameworks",
				);
				MARKETING_VERSION = 1.0;
				PRODUCT_BUNDLE_IDENTIFIER = com.FranBazan11.WeatherApp;
				PRODUCT_NAME = "$(TARGET_NAME)";
				SWIFT_EMIT_LOC_STRINGS = YES;
				SWIFT_VERSION = 5.0;
				TARGETED_DEVICE_FAMILY = "1,2";
			};
			name = Release;
		};
/* End XCBuildConfiguration section */

/* Begin XCConfigurationList section */
		A022D6EE29D7359F0023D57A /* Build configuration list for PBXProject "WeatherApp" */ = {
			isa = XCConfigurationList;
			buildConfigurations = (
				A022D6FF29D735A20023D57A /* Debug */,
				A022D70029D735A20023D57A /* Release */,
			);
			defaultConfigurationIsVisible = 0;
			defaultConfigurationName = Release;
		};
		A022D70129D735A20023D57A /* Build configuration list for PBXNativeTarget "WeatherApp" */ = {
			isa = XCConfigurationList;
			buildConfigurations = (
				A022D70229D735A20023D57A /* Debug */,
				A022D70329D735A20023D57A /* Release */,
			);
			defaultConfigurationIsVisible = 0;
			defaultConfigurationName = Release;
		};
/* End XCConfigurationList section */
	};
	rootObject = A022D6EB29D7359F0023D57A /* Project object */;
}
